{
  "name": "features",
  "version": "1.0.0",
  "lockfileVersion": 1,
  "requires": true,
  "dependencies": {
    "@types/node": {
      "version": "16.10.9",
      "resolved": "https://zaronology-154070100853.d.codeartifact.us-east-1.amazonaws.com:443/npm/zaronology/@types/node/-/node-16.10.9.tgz",
      "integrity": "sha512-H9ReOt+yqIJPCutkTYjFjlyK6WEMQYT9hLZMlWtOjFQY2ItppsWZ6RJf8Aw+jz5qTYceuHvFgPIaKOHtLAEWBw==",
      "dev": true
    }
  }
}
